lockfile_version: '1'
generated_at: '2026-05-10T13:13:19.400476+00:00'
apm_version: 0.12.1
dependencies:
- repo_url: srid/agency
  host: github.com
  resolved_commit: 3c86f74c8a9a39cb8a7c11a7ebd97ee524dc91ef
  resolved_ref: master
  package_type: apm_package
  deployed_files:
  - .claude/agents/hickey.md
  - .claude/agents/lowy.md
  - .claude/hooks/agency/scripts/do-stop-guard.sh
  - .claude/rules/apm-sources.md
  - .claude/skills/code-police
  - .claude/skills/do
  - .claude/skills/elegance
  - .claude/skills/fact-check
  - .claude/skills/forge-pr
  - .claude/skills/hickey
  - .claude/skills/lowy
  - .claude/skills/ralph
  - .claude/skills/talk
  deployed_file_hashes:
    .claude/agents/hickey.md: sha256:edde9b0d3b27b947b7372f662b2e8652d136e0bb9af7924892b00450a1e586bc
    .claude/agents/lowy.md: sha256:a1c8e5ba115439bcfa0d7e331f96e71b2d690ff2e5fb9b824bb5f588eb43ac75
    .claude/hooks/agency/scripts/do-stop-guard.sh: sha256:cb033f86c15ffd3d09d8e4b74a61f55a70def4cc4131cc013b7368a2d23f3f33
    .claude/rules/apm-sources.md: sha256:65640c481c347cc4edf50603f784d0b448b6395acc43419a4f8ad0c53de2db4b
  content_hash: sha256:9b6be5d68deec70822327de7099ddce36c92918f618bf65becb621d7ca963d91
local_deployed_files:
- .claude/rules/conventions.md
- .claude/rules/reference-data.md
local_deployed_file_hashes:
  .claude/rules/conventions.md: sha256:65789fd6eff05d8ac66b6f9cc3bca990b7d34ff5a24d78169f4c820b6466bee8
  .claude/rules/reference-data.md: sha256:59bc0b8ddcd4cc2a1f91e6f24e9a6f6e99ffcab819e17013f924855b996b4261
